// !$*UTF8*$!
{
	archiveVersion = 1;
	classes = {
	};
	objectVersion = 46;
	objects = {

/* Begin PBXBuildFile section */
		550E28F91A715EC600A38E94 /* SBJEV3InvocationStack.cpp in Sources */ = {isa = PBXBuildFile; fileRef = 550E28C61A715EC500A38E94 /* SBJEV3InvocationStack.cpp */; };
		550E28FD1A715EC600A38E94 /* SBJEV3ConnectionToken.cpp in Sources */ = {isa = PBXBuildFile; fileRef = 550E28D31A715EC500A38E94 /* SBJEV3ConnectionToken.cpp */; };
		550E29011A715EC600A38E94 /* SBJEV3DirectoryEntry.cpp in Sources */ = {isa = PBXBuildFile; fileRef = 550E28E31A715EC500A38E94 /* SBJEV3DirectoryEntry.cpp */; };
		550E29021A715EC600A38E94 /* SBJEV3FileUploader.cpp in Sources */ = {isa = PBXBuildFile; fileRef = 550E28E61A715EC500A38E94 /* SBJEV3FileUploader.cpp */; };
		550E29031A715EC600A38E94 /* SBJEV3Log.cpp in Sources */ = {isa = PBXBuildFile; fileRef = 550E28ED1A715EC600A38E94 /* SBJEV3Log.cpp */; };
		550E29181A71610C00A38E94 /* SBJEV3BluetoothConnectionImplIOS.mm in Sources */ = {isa = PBXBuildFile; fileRef = 550E290E1A71610C00A38E94 /* SBJEV3BluetoothConnectionImplIOS.mm */; };
		550E29191A71610C00A38E94 /* SBJEV3ConnectionFactoryIOS.mm in Sources */ = {isa = PBXBuildFile; fileRef = 550E290F1A71610C00A38E94 /* SBJEV3ConnectionFactoryIOS.mm */; };
		550E291A1A71610C00A38E94 /* SBJEV3ConnectionImplObjC.mm in Sources */ = {isa = PBXBuildFile; fileRef = 550E29111A71610C00A38E94 /* SBJEV3ConnectionImplObjC.mm */; };
		550E291B1A71610C00A38E94 /* SBJEV3EV3ConnectionObjC.mm in Sources */ = {isa = PBXBuildFile; fileRef = 550E29131A71610C00A38E94 /* SBJEV3EV3ConnectionObjC.mm */; };
		550E291C1A71610C00A38E94 /* SBJEV3WifiConnectionImplObjC.mm in Sources */ = {isa = PBXBuildFile; fileRef = 550E29151A71610C00A38E94 /* SBJEV3WifiConnectionImplObjC.mm */; };
		550E291D1A71610C00A38E94 /* UDPEchoIOS.mm in Sources */ = {isa = PBXBuildFile; fileRef = 550E29171A71610C00A38E94 /* UDPEchoIOS.mm */; };
		55781F741A62DB2C00BD0ABB /* FileViewController.mm in Sources */ = {isa = PBXBuildFile; fileRef = 55781F731A62DB2C00BD0ABB /* FileViewController.mm */; };
		55A7CB7A1A3E07130028553C /* main.m in Sources */ = {isa = PBXBuildFile; fileRef = 55A7CB791A3E07130028553C /* main.m */; };
		55A7CB7D1A3E07130028553C /* AppDelegate.mm in Sources */ = {isa = PBXBuildFile; fileRef = 55A7CB7C1A3E07130028553C /* AppDelegate.mm */; };
		55A7CB801A3E07130028553C /* ConnectivityViewController.mm in Sources */ = {isa = PBXBuildFile; fileRef = 55A7CB7F1A3E07130028553C /* ConnectivityViewController.mm */; };
		55A7CB831A3E07130028553C /* RailSwitchViewController.mm in Sources */ = {isa = PBXBuildFile; fileRef = 55A7CB821A3E07130028553C /* RailSwitchViewController.mm */; };
		55A7CB861A3E07130028553C /* Main.storyboard in Resources */ = {isa = PBXBuildFile; fileRef = 55A7CB841A3E07130028553C /* Main.storyboard */; };
		55A7CB881A3E07130028553C /* Images.xcassets in Resources */ = {isa = PBXBuildFile; fileRef = 55A7CB871A3E07130028553C /* Images.xcassets */; };
		55A7CB8B1A3E07130028553C /* LaunchScreen.xib in Resources */ = {isa = PBXBuildFile; fileRef = 55A7CB891A3E07130028553C /* LaunchScreen.xib */; };
		55A7CB971A3E07130028553C /* Jove_s_LandingTests.m in Sources */ = {isa = PBXBuildFile; fileRef = 55A7CB961A3E07130028553C /* Jove_s_LandingTests.m */; };
		55A7CBBF1A3E08B60028553C /* RailSwitch.mm in Sources */ = {isa = PBXBuildFile; fileRef = 55A7CBBE1A3E08B60028553C /* RailSwitch.mm */; };
		55A7CBD81A3E10860028553C /* SBJEV3Brick.cpp in Sources */ = {isa = PBXBuildFile; fileRef = 55A7CBC31A3E10860028553C /* SBJEV3Brick.cpp */; };
		55A7CBDE1A3E11350028553C /* ExternalAccessory.framework in Frameworks */ = {isa = PBXBuildFile; fileRef = 55A7CBDD1A3E11350028553C /* ExternalAccessory.framework */; };
		55B04B9A1A607F41006265AB /* DirectoryListingViewController.mm in Sources */ = {isa = PBXBuildFile; fileRef = 55B04B991A607F41006265AB /* DirectoryListingViewController.mm */; };
		55C770521A71C648006F6FE4 /* SBJEV3BluetoothAnounceriOS.mm in Sources */ = {isa = PBXBuildFile; fileRef = 55C770511A71C648006F6FE4 /* SBJEV3BluetoothAnounceriOS.mm */; };
		55C770551A71C8E6006F6FE4 /* SBJEV3WifiAnnouncerObjC.mm in Sources */ = {isa = PBXBuildFile; fileRef = 55C770541A71C8E6006F6FE4 /* SBJEV3WifiAnnouncerObjC.mm */; };
		55DC41271A72F7060017035E /* SBJEV3WifiAccessoriesViewControllerIOS.mm in Sources */ = {isa = PBXBuildFile; fileRef = 55DC41261A72F7060017035E /* SBJEV3WifiAccessoriesViewControllerIOS.mm */; };
		55DC412A1A7302F10017035E /* SBJEV3WifiAccessory.cpp in Sources */ = {isa = PBXBuildFile; fileRef = 55DC41281A7302F10017035E /* SBJEV3WifiAccessory.cpp */; };
/* End PBXBuildFile section */

/* Begin PBXContainerItemProxy section */
		55A7CB911A3E07130028553C /* PBXContainerItemProxy */ = {
			isa = PBXContainerItemProxy;
			containerPortal = 55A7CB6C1A3E07130028553C /* Project object */;
			proxyType = 1;
			remoteGlobalIDString = 55A7CB731A3E07130028553C;
			remoteInfo = "Jove's Landing";
		};
/* End PBXContainerItemProxy section */

/* Begin PBXFileReference section */
		550E28C41A715EC500A38E94 /* SBJEV3Invocation.h */ = {isa = PBXFileReference; fileEncoding = 4; lastKnownFileType = sourcecode.c.h; path = SBJEV3Invocation.h; sourceTree = "<group>"; };
		550E28C51A715EC500A38E94 /* SBJEV3InvocationReply.h */ = {isa = PBXFileReference; fileEncoding = 4; lastKnownFileType = sourcecode.c.h; path = SBJEV3InvocationReply.h; sourceTree = "<group>"; };
		550E28C61A715EC500A38E94 /* SBJEV3InvocationStack.cpp */ = {isa = PBXFileReference; fileEncoding = 4; lastKnownFileType = sourcecode.cpp.cpp; path = SBJEV3InvocationStack.cpp; sourceTree = "<group>"; };
		550E28C71A715EC500A38E94 /* SBJEV3InvocationStack.h */ = {isa = PBXFileReference; fileEncoding = 4; lastKnownFileType = sourcecode.c.h; path = SBJEV3InvocationStack.h; sourceTree = "<group>"; };
		550E28C81A715EC500A38E94 /* SBJEV3Messenger.h */ = {isa = PBXFileReference; fileEncoding = 4; lastKnownFileType = sourcecode.c.h; path = SBJEV3Messenger.h; sourceTree = "<group>"; };
		550E28C91A715EC500A38E94 /* SBJEV3Results.h */ = {isa = PBXFileReference; fileEncoding = 4; lastKnownFileType = sourcecode.c.h; path = SBJEV3Results.h; sourceTree = "<group>"; };
		550E28CD1A715EC500A38E94 /* SBJEV3Connection.h */ = {isa = PBXFileReference; fileEncoding = 4; lastKnownFileType = sourcecode.c.h; path = SBJEV3Connection.h; sourceTree = "<group>"; };
		550E28CE1A715EC500A38E94 /* SBJEV3ConnectionFactory.h */ = {isa = PBXFileReference; fileEncoding = 4; lastKnownFileType = sourcecode.c.h; path = SBJEV3ConnectionFactory.h; sourceTree = "<group>"; };
		550E28D31A715EC500A38E94 /* SBJEV3ConnectionToken.cpp */ = {isa = PBXFileReference; fileEncoding = 4; lastKnownFileType = sourcecode.cpp.cpp; path = SBJEV3ConnectionToken.cpp; sourceTree = "<group>"; };
		550E28D41A715EC500A38E94 /* SBJEV3ConnectionToken.h */ = {isa = PBXFileReference; fileEncoding = 4; lastKnownFileType = sourcecode.c.h; path = SBJEV3ConnectionToken.h; sourceTree = "<group>"; };
		550E28DC1A715EC500A38E94 /* SBJEV3DirectCommand.h */ = {isa = PBXFileReference; fileEncoding = 4; lastKnownFileType = sourcecode.c.h; path = SBJEV3DirectCommand.h; sourceTree = "<group>"; };
		550E28DD1A715EC500A38E94 /* SBJEV3DirectInstructions.h */ = {isa = PBXFileReference; fileEncoding = 4; lastKnownFileType = sourcecode.c.h; path = SBJEV3DirectInstructions.h; sourceTree = "<group>"; };
		550E28DE1A715EC500A38E94 /* SBJEV3DirectOpcode.h */ = {isa = PBXFileReference; fileEncoding = 4; lastKnownFileType = sourcecode.c.h; path = SBJEV3DirectOpcode.h; sourceTree = "<group>"; };
		550E28DF1A715EC500A38E94 /* SBJEV3DirectOpcodes.h */ = {isa = PBXFileReference; fileEncoding = 4; lastKnownFileType = sourcecode.c.h; path = SBJEV3DirectOpcodes.h; sourceTree = "<group>"; };
		550E28E01A715EC500A38E94 /* SBJEV3DirectResults.h */ = {isa = PBXFileReference; fileEncoding = 4; lastKnownFileType = sourcecode.c.h; path = SBJEV3DirectResults.h; sourceTree = "<group>"; };
		550E28E11A715EC500A38E94 /* SBJEV3Enums.h */ = {isa = PBXFileReference; fileEncoding = 4; lastKnownFileType = sourcecode.c.h; path = SBJEV3Enums.h; sourceTree = "<group>"; };
		550E28E31A715EC500A38E94 /* SBJEV3DirectoryEntry.cpp */ = {isa = PBXFileReference; fileEncoding = 4; lastKnownFileType = sourcecode.cpp.cpp; path = SBJEV3DirectoryEntry.cpp; sourceTree = "<group>"; };
		550E28E41A715EC500A38E94 /* SBJEV3DirectoryEntry.h */ = {isa = PBXFileReference; fileEncoding = 4; lastKnownFileType = sourcecode.c.h; path = SBJEV3DirectoryEntry.h; sourceTree = "<group>"; };
		550E28E51A715EC500A38E94 /* SBJEV3DirectoryListing.h */ = {isa = PBXFileReference; fileEncoding = 4; lastKnownFileType = sourcecode.c.h; path = SBJEV3DirectoryListing.h; sourceTree = "<group>"; };
		550E28E61A715EC500A38E94 /* SBJEV3FileUploader.cpp */ = {isa = PBXFileReference; fileEncoding = 4; lastKnownFileType = sourcecode.cpp.cpp; path = SBJEV3FileUploader.cpp; sourceTree = "<group>"; };
		550E28E71A715EC500A38E94 /* SBJEV3FileUploader.h */ = {isa = PBXFileReference; fileEncoding = 4; lastKnownFileType = sourcecode.c.h; path = SBJEV3FileUploader.h; sourceTree = "<group>"; };
		550E28E91A715EC500A38E94 /* SBJEV3Chunk.h */ = {isa = PBXFileReference; fileEncoding = 4; lastKnownFileType = sourcecode.c.h; path = SBJEV3Chunk.h; sourceTree = "<group>"; };
		550E28EA1A715EC600A38E94 /* SBJEV3DeleteMethods.h */ = {isa = PBXFileReference; fileEncoding = 4; lastKnownFileType = sourcecode.c.h; path = SBJEV3DeleteMethods.h; sourceTree = "<group>"; };
		550E28EB1A715EC600A38E94 /* SBJEV3FlagOperatorOverloads.h */ = {isa = PBXFileReference; fileEncoding = 4; lastKnownFileType = sourcecode.c.h; path = SBJEV3FlagOperatorOverloads.h; sourceTree = "<group>"; };
		550E28EC1A715EC600A38E94 /* SBJEV3Hex.h */ = {isa = PBXFileReference; fileEncoding = 4; lastKnownFileType = sourcecode.c.h; path = SBJEV3Hex.h; sourceTree = "<group>"; };
		550E28ED1A715EC600A38E94 /* SBJEV3Log.cpp */ = {isa = PBXFileReference; fileEncoding = 4; lastKnownFileType = sourcecode.cpp.cpp; path = SBJEV3Log.cpp; sourceTree = "<group>"; };
		550E28EE1A715EC600A38E94 /* SBJEV3Log.h */ = {isa = PBXFileReference; fileEncoding = 4; lastKnownFileType = sourcecode.c.h; path = SBJEV3Log.h; sourceTree = "<group>"; };
		550E28EF1A715EC600A38E94 /* SBJEV3TupleIter.h */ = {isa = PBXFileReference; fileEncoding = 4; lastKnownFileType = sourcecode.c.h; path = SBJEV3TupleIter.h; sourceTree = "<group>"; };
		550E28F01A715EC600A38E94 /* SBJEV3VariableSizedEntity.h */ = {isa = PBXFileReference; fileEncoding = 4; lastKnownFileType = sourcecode.c.h; path = SBJEV3VariableSizedEntity.h; sourceTree = "<group>"; };
		550E28F51A715EC600A38E94 /* SBJEV3SystemCommand.h */ = {isa = PBXFileReference; fileEncoding = 4; lastKnownFileType = sourcecode.c.h; path = SBJEV3SystemCommand.h; sourceTree = "<group>"; };
		550E28F61A715EC600A38E94 /* SBJEV3SystemInstruction.h */ = {isa = PBXFileReference; fileEncoding = 4; lastKnownFileType = sourcecode.c.h; path = SBJEV3SystemInstruction.h; sourceTree = "<group>"; };
		550E28F71A715EC600A38E94 /* SBJEV3SystemOpcodes.h */ = {isa = PBXFileReference; fileEncoding = 4; lastKnownFileType = sourcecode.c.h; path = SBJEV3SystemOpcodes.h; sourceTree = "<group>"; };
		550E28F81A715EC600A38E94 /* SBJEV3SystemResults.h */ = {isa = PBXFileReference; fileEncoding = 4; lastKnownFileType = sourcecode.c.h; path = SBJEV3SystemResults.h; sourceTree = "<group>"; };
		550E29061A715F6100A38E94 /* SBJEV3DeviceIdentifier.h */ = {isa = PBXFileReference; lastKnownFileType = sourcecode.c.h; path = SBJEV3DeviceIdentifier.h; sourceTree = "<group>"; };
		550E290D1A71610C00A38E94 /* SBJEV3BluetoothConnectionImplIOS.h */ = {isa = PBXFileReference; fileEncoding = 4; lastKnownFileType = sourcecode.c.h; path = SBJEV3BluetoothConnectionImplIOS.h; sourceTree = "<group>"; };
		550E290E1A71610C00A38E94 /* SBJEV3BluetoothConnectionImplIOS.mm */ = {isa = PBXFileReference; fileEncoding = 4; lastKnownFileType = sourcecode.cpp.objcpp; path = SBJEV3BluetoothConnectionImplIOS.mm; sourceTree = "<group>"; };
		550E290F1A71610C00A38E94 /* SBJEV3ConnectionFactoryIOS.mm */ = {isa = PBXFileReference; fileEncoding = 4; lastKnownFileType = sourcecode.cpp.objcpp; path = SBJEV3ConnectionFactoryIOS.mm; sourceTree = "<group>"; };
		550E29101A71610C00A38E94 /* SBJEV3ConnectionImplObjC.h */ = {isa = PBXFileReference; fileEncoding = 4; lastKnownFileType = sourcecode.c.h; path = SBJEV3ConnectionImplObjC.h; sourceTree = "<group>"; };
		550E29111A71610C00A38E94 /* SBJEV3ConnectionImplObjC.mm */ = {isa = PBXFileReference; fileEncoding = 4; lastKnownFileType = sourcecode.cpp.objcpp; path = SBJEV3ConnectionImplObjC.mm; sourceTree = "<group>"; };
		550E29121A71610C00A38E94 /* SBJEV3ConnectionObjC.h */ = {isa = PBXFileReference; fileEncoding = 4; lastKnownFileType = sourcecode.c.h; path = SBJEV3ConnectionObjC.h; sourceTree = "<group>"; };
		550E29131A71610C00A38E94 /* SBJEV3EV3ConnectionObjC.mm */ = {isa = PBXFileReference; fileEncoding = 4; lastKnownFileType = sourcecode.cpp.objcpp; path = SBJEV3EV3ConnectionObjC.mm; sourceTree = "<group>"; };
		550E29141A71610C00A38E94 /* SBJEV3WifiConnectionImplObjC.h */ = {isa = PBXFileReference; fileEncoding = 4; lastKnownFileType = sourcecode.c.h; path = SBJEV3WifiConnectionImplObjC.h; sourceTree = "<group>"; };
		550E29151A71610C00A38E94 /* SBJEV3WifiConnectionImplObjC.mm */ = {isa = PBXFileReference; fileEncoding = 4; lastKnownFileType = sourcecode.cpp.objcpp; path = SBJEV3WifiConnectionImplObjC.mm; sourceTree = "<group>"; };
		550E29161A71610C00A38E94 /* UDPEchoIOS.h */ = {isa = PBXFileReference; fileEncoding = 4; lastKnownFileType = sourcecode.c.h; path = UDPEchoIOS.h; sourceTree = "<group>"; };
		550E29171A71610C00A38E94 /* UDPEchoIOS.mm */ = {isa = PBXFileReference; fileEncoding = 4; lastKnownFileType = sourcecode.cpp.objcpp; path = UDPEchoIOS.mm; sourceTree = "<group>"; };
		550E291E1A7162A100A38E94 /* SBJEV3ByteCodes.h */ = {isa = PBXFileReference; lastKnownFileType = sourcecode.c.h; path = SBJEV3ByteCodes.h; sourceTree = "<group>"; };
		55781F721A62DB2C00BD0ABB /* FileViewController.h */ = {isa = PBXFileReference; fileEncoding = 4; lastKnownFileType = sourcecode.c.h; path = FileViewController.h; sourceTree = "<group>"; };
		55781F731A62DB2C00BD0ABB /* FileViewController.mm */ = {isa = PBXFileReference; fileEncoding = 4; lastKnownFileType = sourcecode.cpp.objcpp; path = FileViewController.mm; sourceTree = "<group>"; };
		55781F7B1A640D1800BD0ABB /* README.md */ = {isa = PBXFileReference; fileEncoding = 4; lastKnownFileType = net.daringfireball.markdown; name = README.md; path = ../README.md; sourceTree = "<group>"; };
		55A7CB741A3E07130028553C /* Jove's Landing.app */ = {isa = PBXFileReference; explicitFileType = wrapper.application; includeInIndex = 0; path = "Jove's Landing.app"; sourceTree = BUILT_PRODUCTS_DIR; };
		55A7CB781A3E07130028553C /* Info.plist */ = {isa = PBXFileReference; lastKnownFileType = text.plist.xml; path = Info.plist; sourceTree = "<group>"; };
		55A7CB791A3E07130028553C /* main.m */ = {isa = PBXFileReference; lastKnownFileType = sourcecode.c.objc; path = main.m; sourceTree = "<group>"; };
		55A7CB7B1A3E07130028553C /* AppDelegate.h */ = {isa = PBXFileReference; lastKnownFileType = sourcecode.c.h; path = AppDelegate.h; sourceTree = "<group>"; };
		55A7CB7C1A3E07130028553C /* AppDelegate.mm */ = {isa = PBXFileReference; lastKnownFileType = sourcecode.cpp.objcpp; path = AppDelegate.mm; sourceTree = "<group>"; };
		55A7CB7E1A3E07130028553C /* ConnectivityViewController.h */ = {isa = PBXFileReference; lastKnownFileType = sourcecode.c.h; path = ConnectivityViewController.h; sourceTree = "<group>"; };
		55A7CB7F1A3E07130028553C /* ConnectivityViewController.mm */ = {isa = PBXFileReference; lastKnownFileType = sourcecode.cpp.objcpp; path = ConnectivityViewController.mm; sourceTree = "<group>"; };
		55A7CB811A3E07130028553C /* RailSwitchViewController.h */ = {isa = PBXFileReference; lastKnownFileType = sourcecode.c.h; path = RailSwitchViewController.h; sourceTree = "<group>"; };
		55A7CB821A3E07130028553C /* RailSwitchViewController.mm */ = {isa = PBXFileReference; lastKnownFileType = sourcecode.cpp.objcpp; path = RailSwitchViewController.mm; sourceTree = "<group>"; };
		55A7CB851A3E07130028553C /* Base */ = {isa = PBXFileReference; lastKnownFileType = file.storyboard; name = Base; path = Base.lproj/Main.storyboard; sourceTree = "<group>"; };
		55A7CB871A3E07130028553C /* Images.xcassets */ = {isa = PBXFileReference; lastKnownFileType = folder.assetcatalog; path = Images.xcassets; sourceTree = "<group>"; };
		55A7CB8A1A3E07130028553C /* Base */ = {isa = PBXFileReference; lastKnownFileType = file.xib; name = Base; path = Base.lproj/LaunchScreen.xib; sourceTree = "<group>"; };
		55A7CB901A3E07130028553C /* Jove's LandingTests.xctest */ = {isa = PBXFileReference; explicitFileType = wrapper.cfbundle; includeInIndex = 0; path = "Jove's LandingTests.xctest"; sourceTree = BUILT_PRODUCTS_DIR; };
		55A7CB951A3E07130028553C /* Info.plist */ = {isa = PBXFileReference; lastKnownFileType = text.plist.xml; path = Info.plist; sourceTree = "<group>"; };
		55A7CB961A3E07130028553C /* Jove_s_LandingTests.m */ = {isa = PBXFileReference; lastKnownFileType = sourcecode.c.objc; path = Jove_s_LandingTests.m; sourceTree = "<group>"; };
		55A7CBBD1A3E08B60028553C /* RailSwitch.h */ = {isa = PBXFileReference; fileEncoding = 4; lastKnownFileType = sourcecode.c.h; path = RailSwitch.h; sourceTree = "<group>"; };
		55A7CBBE1A3E08B60028553C /* RailSwitch.mm */ = {isa = PBXFileReference; fileEncoding = 4; lastKnownFileType = sourcecode.cpp.objcpp; path = RailSwitch.mm; sourceTree = "<group>"; };
		55A7CBC31A3E10860028553C /* SBJEV3Brick.cpp */ = {isa = PBXFileReference; fileEncoding = 4; lastKnownFileType = sourcecode.cpp.cpp; path = SBJEV3Brick.cpp; sourceTree = "<group>"; };
		55A7CBC41A3E10860028553C /* SBJEV3Brick.h */ = {isa = PBXFileReference; fileEncoding = 4; lastKnownFileType = sourcecode.c.h; path = SBJEV3Brick.h; sourceTree = "<group>"; };
		55A7CBDD1A3E11350028553C /* ExternalAccessory.framework */ = {isa = PBXFileReference; lastKnownFileType = wrapper.framework; name = ExternalAccessory.framework; path = System/Library/Frameworks/ExternalAccessory.framework; sourceTree = SDKROOT; };
		55B04B981A607F41006265AB /* DirectoryListingViewController.h */ = {isa = PBXFileReference; fileEncoding = 4; lastKnownFileType = sourcecode.c.h; path = DirectoryListingViewController.h; sourceTree = "<group>"; };
		55B04B991A607F41006265AB /* DirectoryListingViewController.mm */ = {isa = PBXFileReference; fileEncoding = 4; lastKnownFileType = sourcecode.cpp.objcpp; path = DirectoryListingViewController.mm; sourceTree = "<group>"; };
		55C770501A71C648006F6FE4 /* SBJEV3BluetoothAnounceriOS.h */ = {isa = PBXFileReference; fileEncoding = 4; lastKnownFileType = sourcecode.c.h; path = SBJEV3BluetoothAnounceriOS.h; sourceTree = "<group>"; };
		55C770511A71C648006F6FE4 /* SBJEV3BluetoothAnounceriOS.mm */ = {isa = PBXFileReference; fileEncoding = 4; lastKnownFileType = sourcecode.cpp.objcpp; path = SBJEV3BluetoothAnounceriOS.mm; sourceTree = "<group>"; };
		55C770531A71C8E6006F6FE4 /* SBJEV3WifiAnnouncerObjC.h */ = {isa = PBXFileReference; fileEncoding = 4; lastKnownFileType = sourcecode.c.h; path = SBJEV3WifiAnnouncerObjC.h; sourceTree = "<group>"; };
		55C770541A71C8E6006F6FE4 /* SBJEV3WifiAnnouncerObjC.mm */ = {isa = PBXFileReference; fileEncoding = 4; lastKnownFileType = sourcecode.cpp.objcpp; path = SBJEV3WifiAnnouncerObjC.mm; sourceTree = "<group>"; };
		55C770561A7208FB006F6FE4 /* SBJEV3ConnectionPreference.h */ = {isa = PBXFileReference; lastKnownFileType = sourcecode.c.h; path = SBJEV3ConnectionPreference.h; sourceTree = "<group>"; };
		55DC41251A72F7060017035E /* SBJEV3WifiAccessoriesViewControllerIOS.h */ = {isa = PBXFileReference; fileEncoding = 4; lastKnownFileType = sourcecode.c.h; path = SBJEV3WifiAccessoriesViewControllerIOS.h; sourceTree = "<group>"; };
		55DC41261A72F7060017035E /* SBJEV3WifiAccessoriesViewControllerIOS.mm */ = {isa = PBXFileReference; fileEncoding = 4; lastKnownFileType = sourcecode.cpp.objcpp; path = SBJEV3WifiAccessoriesViewControllerIOS.mm; sourceTree = "<group>"; };
		55DC41281A7302F10017035E /* SBJEV3WifiAccessory.cpp */ = {isa = PBXFileReference; fileEncoding = 4; lastKnownFileType = sourcecode.cpp.cpp; path = SBJEV3WifiAccessory.cpp; sourceTree = "<group>"; };
		55DC41291A7302F10017035E /* SBJEV3WifiAccessory.h */ = {isa = PBXFileReference; fileEncoding = 4; lastKnownFileType = sourcecode.c.h; path = SBJEV3WifiAccessory.h; sourceTree = "<group>"; };
/* End PBXFileReference section */

/* Begin PBXFrameworksBuildPhase section */
		55A7CB711A3E07130028553C /* Frameworks */ = {
			isa = PBXFrameworksBuildPhase;
			buildActionMask = 2147483647;
			files = (
				55A7CBDE1A3E11350028553C /* ExternalAccessory.framework in Frameworks */,
			);
			runOnlyForDeploymentPostprocessing = 0;
		};
		55A7CB8D1A3E07130028553C /* Frameworks */ = {
			isa = PBXFrameworksBuildPhase;
			buildActionMask = 2147483647;
			files = (
			);
			runOnlyForDeploymentPostprocessing = 0;
		};
/* End PBXFrameworksBuildPhase section */

/* Begin PBXGroup section */
		550E28C31A715EC500A38E94 /* Commands */ = {
			isa = PBXGroup;
			children = (
				550E291E1A7162A100A38E94 /* SBJEV3ByteCodes.h */,
				550E28C91A715EC500A38E94 /* SBJEV3Results.h */,
				550E28C41A715EC500A38E94 /* SBJEV3Invocation.h */,
				550E28C51A715EC500A38E94 /* SBJEV3InvocationReply.h */,
				550E28C71A715EC500A38E94 /* SBJEV3InvocationStack.h */,
				550E28C61A715EC500A38E94 /* SBJEV3InvocationStack.cpp */,
				550E28C81A715EC500A38E94 /* SBJEV3Messenger.h */,
			);
			path = Commands;
			sourceTree = "<group>";
		};
		550E28CA1A715EC500A38E94 /* Connections */ = {
			isa = PBXGroup;
			children = (
				55C770561A7208FB006F6FE4 /* SBJEV3ConnectionPreference.h */,
				550E29061A715F6100A38E94 /* SBJEV3DeviceIdentifier.h */,
				550E28CD1A715EC500A38E94 /* SBJEV3Connection.h */,
				550E28CE1A715EC500A38E94 /* SBJEV3ConnectionFactory.h */,
				550E28D41A715EC500A38E94 /* SBJEV3ConnectionToken.h */,
				550E28D31A715EC500A38E94 /* SBJEV3ConnectionToken.cpp */,
				55DC41291A7302F10017035E /* SBJEV3WifiAccessory.h */,
				55DC41281A7302F10017035E /* SBJEV3WifiAccessory.cpp */,
				550E290C1A71610C00A38E94 /* ObjC */,
			);
			path = Connections;
			sourceTree = "<group>";
		};
		550E28DA1A715EC500A38E94 /* DirectCommands */ = {
			isa = PBXGroup;
			children = (
				550E28E11A715EC500A38E94 /* SBJEV3Enums.h */,
				550E28DE1A715EC500A38E94 /* SBJEV3DirectOpcode.h */,
				550E28DF1A715EC500A38E94 /* SBJEV3DirectOpcodes.h */,
				550E28E01A715EC500A38E94 /* SBJEV3DirectResults.h */,
				550E28DD1A715EC500A38E94 /* SBJEV3DirectInstructions.h */,
				550E28DC1A715EC500A38E94 /* SBJEV3DirectCommand.h */,
			);
			path = DirectCommands;
			sourceTree = "<group>";
		};
		550E28E21A715EC500A38E94 /* FileSystem */ = {
			isa = PBXGroup;
			children = (
				550E28E41A715EC500A38E94 /* SBJEV3DirectoryEntry.h */,
				550E28E31A715EC500A38E94 /* SBJEV3DirectoryEntry.cpp */,
				550E28E51A715EC500A38E94 /* SBJEV3DirectoryListing.h */,
				550E28E71A715EC500A38E94 /* SBJEV3FileUploader.h */,
				550E28E61A715EC500A38E94 /* SBJEV3FileUploader.cpp */,
			);
			path = FileSystem;
			sourceTree = "<group>";
		};
		550E28E81A715EC500A38E94 /* General */ = {
			isa = PBXGroup;
			children = (
				550E28E91A715EC500A38E94 /* SBJEV3Chunk.h */,
				550E28EA1A715EC600A38E94 /* SBJEV3DeleteMethods.h */,
				550E28EB1A715EC600A38E94 /* SBJEV3FlagOperatorOverloads.h */,
				550E28EC1A715EC600A38E94 /* SBJEV3Hex.h */,
				550E28EE1A715EC600A38E94 /* SBJEV3Log.h */,
				550E28ED1A715EC600A38E94 /* SBJEV3Log.cpp */,
				550E28EF1A715EC600A38E94 /* SBJEV3TupleIter.h */,
				550E28F01A715EC600A38E94 /* SBJEV3VariableSizedEntity.h */,
			);
			path = General;
			sourceTree = "<group>";
		};
		550E28F41A715EC600A38E94 /* SystemCommands */ = {
			isa = PBXGroup;
			children = (
				550E28F81A715EC600A38E94 /* SBJEV3SystemResults.h */,
				550E28F71A715EC600A38E94 /* SBJEV3SystemOpcodes.h */,
				550E28F61A715EC600A38E94 /* SBJEV3SystemInstruction.h */,
				550E28F51A715EC600A38E94 /* SBJEV3SystemCommand.h */,
			);
			path = SystemCommands;
			sourceTree = "<group>";
		};
		550E290C1A71610C00A38E94 /* ObjC */ = {
			isa = PBXGroup;
			children = (
				550E290F1A71610C00A38E94 /* SBJEV3ConnectionFactoryIOS.mm */,
				55C770501A71C648006F6FE4 /* SBJEV3BluetoothAnounceriOS.h */,
				55C770511A71C648006F6FE4 /* SBJEV3BluetoothAnounceriOS.mm */,
				55C770531A71C8E6006F6FE4 /* SBJEV3WifiAnnouncerObjC.h */,
				55C770541A71C8E6006F6FE4 /* SBJEV3WifiAnnouncerObjC.mm */,
				550E29121A71610C00A38E94 /* SBJEV3ConnectionObjC.h */,
				550E29131A71610C00A38E94 /* SBJEV3EV3ConnectionObjC.mm */,
				550E29101A71610C00A38E94 /* SBJEV3ConnectionImplObjC.h */,
				550E29111A71610C00A38E94 /* SBJEV3ConnectionImplObjC.mm */,
				550E290D1A71610C00A38E94 /* SBJEV3BluetoothConnectionImplIOS.h */,
				550E290E1A71610C00A38E94 /* SBJEV3BluetoothConnectionImplIOS.mm */,
				550E29141A71610C00A38E94 /* SBJEV3WifiConnectionImplObjC.h */,
				550E29151A71610C00A38E94 /* SBJEV3WifiConnectionImplObjC.mm */,
				55DC41251A72F7060017035E /* SBJEV3WifiAccessoriesViewControllerIOS.h */,
				55DC41261A72F7060017035E /* SBJEV3WifiAccessoriesViewControllerIOS.mm */,
				550E29161A71610C00A38E94 /* UDPEchoIOS.h */,
				550E29171A71610C00A38E94 /* UDPEchoIOS.mm */,
			);
			path = ObjC;
			sourceTree = "<group>";
		};
		55A7CB6B1A3E07130028553C = {
			isa = PBXGroup;
			children = (
				55781F7B1A640D1800BD0ABB /* README.md */,
				55A7CBC01A3E10860028553C /* SBJEV3 */,
				55A7CB761A3E07130028553C /* Jove's Landing */,
				55A7CB931A3E07130028553C /* Jove's LandingTests */,
				55A7CB751A3E07130028553C /* Products */,
			);
			sourceTree = "<group>";
		};
		55A7CB751A3E07130028553C /* Products */ = {
			isa = PBXGroup;
			children = (
				55A7CB741A3E07130028553C /* Jove's Landing.app */,
				55A7CB901A3E07130028553C /* Jove's LandingTests.xctest */,
			);
			name = Products;
			sourceTree = "<group>";
		};
		55A7CB761A3E07130028553C /* Jove's Landing */ = {
			isa = PBXGroup;
			children = (
				55A7CB7B1A3E07130028553C /* AppDelegate.h */,
				55A7CB7C1A3E07130028553C /* AppDelegate.mm */,
				55A7CB7E1A3E07130028553C /* ConnectivityViewController.h */,
				55A7CB7F1A3E07130028553C /* ConnectivityViewController.mm */,
				55B04B981A607F41006265AB /* DirectoryListingViewController.h */,
				55B04B991A607F41006265AB /* DirectoryListingViewController.mm */,
				55A7CB811A3E07130028553C /* RailSwitchViewController.h */,
				55A7CB821A3E07130028553C /* RailSwitchViewController.mm */,
				55781F721A62DB2C00BD0ABB /* FileViewController.h */,
				55781F731A62DB2C00BD0ABB /* FileViewController.mm */,
				55A7CBBD1A3E08B60028553C /* RailSwitch.h */,
				55A7CBBE1A3E08B60028553C /* RailSwitch.mm */,
				55A7CB841A3E07130028553C /* Main.storyboard */,
				55A7CB871A3E07130028553C /* Images.xcassets */,
				55A7CB891A3E07130028553C /* LaunchScreen.xib */,
				55A7CB771A3E07130028553C /* Supporting Files */,
			);
			path = "Jove's Landing";
			sourceTree = "<group>";
		};
		55A7CB771A3E07130028553C /* Supporting Files */ = {
			isa = PBXGroup;
			children = (
				55A7CBDD1A3E11350028553C /* ExternalAccessory.framework */,
				55A7CB781A3E07130028553C /* Info.plist */,
				55A7CB791A3E07130028553C /* main.m */,
			);
			name = "Supporting Files";
			sourceTree = "<group>";
		};
		55A7CB931A3E07130028553C /* Jove's LandingTests */ = {
			isa = PBXGroup;
			children = (
				55A7CB961A3E07130028553C /* Jove_s_LandingTests.m */,
				55A7CB941A3E07130028553C /* Supporting Files */,
			);
			path = "Jove's LandingTests";
			sourceTree = "<group>";
		};
		55A7CB941A3E07130028553C /* Supporting Files */ = {
			isa = PBXGroup;
			children = (
				55A7CB951A3E07130028553C /* Info.plist */,
			);
			name = "Supporting Files";
			sourceTree = "<group>";
		};
		55A7CBC01A3E10860028553C /* SBJEV3 */ = {
			isa = PBXGroup;
			children = (
				55A7CBC41A3E10860028553C /* SBJEV3Brick.h */,
				55A7CBC31A3E10860028553C /* SBJEV3Brick.cpp */,
				550E28CA1A715EC500A38E94 /* Connections */,
				550E28C31A715EC500A38E94 /* Commands */,
				550E28DA1A715EC500A38E94 /* DirectCommands */,
				550E28F41A715EC600A38E94 /* SystemCommands */,
				550E28E21A715EC500A38E94 /* FileSystem */,
				550E28E81A715EC500A38E94 /* General */,
			);
			name = SBJEV3;
			path = ../SBJEV3;
			sourceTree = "<group>";
		};
/* End PBXGroup section */

/* Begin PBXNativeTarget section */
		55A7CB731A3E07130028553C /* Jove's Landing */ = {
			isa = PBXNativeTarget;
			buildConfigurationList = 55A7CB9A1A3E07130028553C /* Build configuration list for PBXNativeTarget "Jove's Landing" */;
			buildPhases = (
				55A7CB701A3E07130028553C /* Sources */,
				55A7CB711A3E07130028553C /* Frameworks */,
				55A7CB721A3E07130028553C /* Resources */,
			);
			buildRules = (
			);
			dependencies = (
			);
			name = "Jove's Landing";
			productName = "Jove's Landing";
			productReference = 55A7CB741A3E07130028553C /* Jove's Landing.app */;
			productType = "com.apple.product-type.application";
		};
		55A7CB8F1A3E07130028553C /* Jove's LandingTests */ = {
			isa = PBXNativeTarget;
			buildConfigurationList = 55A7CB9D1A3E07130028553C /* Build configuration list for PBXNativeTarget "Jove's LandingTests" */;
			buildPhases = (
				55A7CB8C1A3E07130028553C /* Sources */,
				55A7CB8D1A3E07130028553C /* Frameworks */,
				55A7CB8E1A3E07130028553C /* Resources */,
			);
			buildRules = (
			);
			dependencies = (
				55A7CB921A3E07130028553C /* PBXTargetDependency */,
			);
			name = "Jove's LandingTests";
			productName = "Jove's LandingTests";
			productReference = 55A7CB901A3E07130028553C /* Jove's LandingTests.xctest */;
			productType = "com.apple.product-type.bundle.unit-test";
		};
/* End PBXNativeTarget section */

/* Begin PBXProject section */
		55A7CB6C1A3E07130028553C /* Project object */ = {
			isa = PBXProject;
			attributes = {
				LastUpgradeCheck = 0610;
				ORGANIZATIONNAME = "Software by Jove";
				TargetAttributes = {
					55A7CB731A3E07130028553C = {
						CreatedOnToolsVersion = 6.1.1;
					};
					55A7CB8F1A3E07130028553C = {
						CreatedOnToolsVersion = 6.1.1;
						TestTargetID = 55A7CB731A3E07130028553C;
					};
				};
			};
			buildConfigurationList = 55A7CB6F1A3E07130028553C /* Build configuration list for PBXProject "Jove's Landing" */;
			compatibilityVersion = "Xcode 3.2";
			developmentRegion = English;
			hasScannedForEncodings = 0;
			knownRegions = (
				en,
				Base,
			);
			mainGroup = 55A7CB6B1A3E07130028553C;
			productRefGroup = 55A7CB751A3E07130028553C /* Products */;
			projectDirPath = "";
			projectRoot = "";
			targets = (
				55A7CB731A3E07130028553C /* Jove's Landing */,
				55A7CB8F1A3E07130028553C /* Jove's LandingTests */,
			);
		};
/* End PBXProject section */

/* Begin PBXResourcesBuildPhase section */
		55A7CB721A3E07130028553C /* Resources */ = {
			isa = PBXResourcesBuildPhase;
			buildActionMask = 2147483647;
			files = (
				55A7CB861A3E07130028553C /* Main.storyboard in Resources */,
				55A7CB8B1A3E07130028553C /* LaunchScreen.xib in Resources */,
				55A7CB881A3E07130028553C /* Images.xcassets in Resources */,
			);
			runOnlyForDeploymentPostprocessing = 0;
		};
		55A7CB8E1A3E07130028553C /* Resources */ = {
			isa = PBXResourcesBuildPhase;
			buildActionMask = 2147483647;
			files = (
			);
			runOnlyForDeploymentPostprocessing = 0;
		};
/* End PBXResourcesBuildPhase section */

/* Begin PBXSourcesBuildPhase section */
		55A7CB701A3E07130028553C /* Sources */ = {
			isa = PBXSourcesBuildPhase;
			buildActionMask = 2147483647;
			files = (
				55A7CB831A3E07130028553C /* RailSwitchViewController.mm in Sources */,
				550E29191A71610C00A38E94 /* SBJEV3ConnectionFactoryIOS.mm in Sources */,
				55A7CB7D1A3E07130028553C /* AppDelegate.mm in Sources */,
				55A7CB801A3E07130028553C /* ConnectivityViewController.mm in Sources */,
				55DC41271A72F7060017035E /* SBJEV3WifiAccessoriesViewControllerIOS.mm in Sources */,
				55B04B9A1A607F41006265AB /* DirectoryListingViewController.mm in Sources */,
				55A7CBBF1A3E08B60028553C /* RailSwitch.mm in Sources */,
				550E291A1A71610C00A38E94 /* SBJEV3ConnectionImplObjC.mm in Sources */,
				550E29031A715EC600A38E94 /* SBJEV3Log.cpp in Sources */,
				550E291D1A71610C00A38E94 /* UDPEchoIOS.mm in Sources */,
				55781F741A62DB2C00BD0ABB /* FileViewController.mm in Sources */,
				550E29181A71610C00A38E94 /* SBJEV3BluetoothConnectionImplIOS.mm in Sources */,
				550E29021A715EC600A38E94 /* SBJEV3FileUploader.cpp in Sources */,
				55C770551A71C8E6006F6FE4 /* SBJEV3WifiAnnouncerObjC.mm in Sources */,
				55C770521A71C648006F6FE4 /* SBJEV3BluetoothAnounceriOS.mm in Sources */,
				55A7CBD81A3E10860028553C /* SBJEV3Brick.cpp in Sources */,
				55DC412A1A7302F10017035E /* SBJEV3WifiAccessory.cpp in Sources */,
				550E28FD1A715EC600A38E94 /* SBJEV3ConnectionToken.cpp in Sources */,
				550E28F91A715EC600A38E94 /* SBJEV3InvocationStack.cpp in Sources */,
				550E291C1A71610C00A38E94 /* SBJEV3WifiConnectionImplObjC.mm in Sources */,
				550E29011A715EC600A38E94 /* SBJEV3DirectoryEntry.cpp in Sources */,
				55A7CB7A1A3E07130028553C /* main.m in Sources */,
				550E291B1A71610C00A38E94 /* SBJEV3EV3ConnectionObjC.mm in Sources */,
			);
			runOnlyForDeploymentPostprocessing = 0;
		};
		55A7CB8C1A3E07130028553C /* Sources */ = {
			isa = PBXSourcesBuildPhase;
			buildActionMask = 2147483647;
			files = (
				55A7CB971A3E07130028553C /* Jove_s_LandingTests.m in Sources */,
			);
			runOnlyForDeploymentPostprocessing = 0;
		};
/* End PBXSourcesBuildPhase section */

/* Begin PBXTargetDependency section */
		55A7CB921A3E07130028553C /* PBXTargetDependency */ = {
			isa = PBXTargetDependency;
			target = 55A7CB731A3E07130028553C /* Jove's Landing */;
			targetProxy = 55A7CB911A3E07130028553C /* PBXContainerItemProxy */;
		};
/* End PBXTargetDependency section */

/* Begin PBXVariantGroup section */
		55A7CB841A3E07130028553C /* Main.storyboard */ = {
			isa = PBXVariantGroup;
			children = (
				55A7CB851A3E07130028553C /* Base */,
			);
			name = Main.storyboard;
			sourceTree = "<group>";
		};
		55A7CB891A3E07130028553C /* LaunchScreen.xib */ = {
			isa = PBXVariantGroup;
			children = (
				55A7CB8A1A3E07130028553C /* Base */,
			);
			name = LaunchScreen.xib;
			sourceTree = "<group>";
		};
/* End PBXVariantGroup section */

/* Begin XCBuildConfiguration section */
		55A7CB981A3E07130028553C /* Debug */ = {
			isa = XCBuildConfiguration;
			buildSettings = {
				ALWAYS_SEARCH_USER_PATHS = NO;
				CLANG_CXX_LANGUAGE_STANDARD = "c++14";
				CLANG_CXX_LIBRARY = "libc++";
				CLANG_ENABLE_MODULES = YES;
				CLANG_ENABLE_OBJC_ARC = YES;
				CLANG_WARN_BOOL_CONVERSION = YES;
				CLANG_WARN_CONSTANT_CONVERSION = YES;
				CLANG_WARN_DIRECT_OBJC_ISA_USAGE = YES_ERROR;
				CLANG_WARN_EMPTY_BODY = YES;
				CLANG_WARN_ENUM_CONVERSION = YES;
				CLANG_WARN_INT_CONVERSION = YES;
				CLANG_WARN_OBJC_ROOT_CLASS = YES_ERROR;
				CLANG_WARN_UNREACHABLE_CODE = YES;
				CLANG_WARN__DUPLICATE_METHOD_MATCH = YES;
				"CODE_SIGN_IDENTITY[sdk=iphoneos*]" = "iPhone Developer";
				COPY_PHASE_STRIP = NO;
				ENABLE_STRICT_OBJC_MSGSEND = YES;
				GCC_C_LANGUAGE_STANDARD = gnu99;
				GCC_DYNAMIC_NO_PIC = NO;
				GCC_OPTIMIZATION_LEVEL = 0;
				GCC_PREPROCESSOR_DEFINITIONS = (
					"DEBUG=1",
					"$(inherited)",
				);
				GCC_SYMBOLS_PRIVATE_EXTERN = NO;
				GCC_WARN_64_TO_32_BIT_CONVERSION = YES;
				GCC_WARN_ABOUT_RETURN_TYPE = YES_ERROR;
				GCC_WARN_UNDECLARED_SELECTOR = YES;
				GCC_WARN_UNINITIALIZED_AUTOS = YES_AGGRESSIVE;
				GCC_WARN_UNUSED_FUNCTION = YES;
				GCC_WARN_UNUSED_VARIABLE = YES;
				IPHONEOS_DEPLOYMENT_TARGET = 8.1;
				MTL_ENABLE_DEBUG_INFO = YES;
				ONLY_ACTIVE_ARCH = YES;
				SDKROOT = iphoneos;
				USER_HEADER_SEARCH_PATHS = "../../ev3sources-xtended/ev3sources/lms2012/**";
			};
			name = Debug;
		};
		55A7CB991A3E07130028553C /* Release */ = {
			isa = XCBuildConfiguration;
			buildSettings = {
				ALWAYS_SEARCH_USER_PATHS = NO;
				CLANG_CXX_LANGUAGE_STANDARD = "c++14";
				CLANG_CXX_LIBRARY = "libc++";
				CLANG_ENABLE_MODULES = YES;
				CLANG_ENABLE_OBJC_ARC = YES;
				CLANG_WARN_BOOL_CONVERSION = YES;
				CLANG_WARN_CONSTANT_CONVERSION = YES;
				CLANG_WARN_DIRECT_OBJC_ISA_USAGE = YES_ERROR;
				CLANG_WARN_EMPTY_BODY = YES;
				CLANG_WARN_ENUM_CONVERSION = YES;
				CLANG_WARN_INT_CONVERSION = YES;
				CLANG_WARN_OBJC_ROOT_CLASS = YES_ERROR;
				CLANG_WARN_UNREACHABLE_CODE = YES;
				CLANG_WARN__DUPLICATE_METHOD_MATCH = YES;
				"CODE_SIGN_IDENTITY[sdk=iphoneos*]" = "iPhone Developer";
				COPY_PHASE_STRIP = YES;
				ENABLE_NS_ASSERTIONS = NO;
				ENABLE_STRICT_OBJC_MSGSEND = YES;
				GCC_C_LANGUAGE_STANDARD = gnu99;
				GCC_WARN_64_TO_32_BIT_CONVERSION = YES;
				GCC_WARN_ABOUT_RETURN_TYPE = YES_ERROR;
				GCC_WARN_UNDECLARED_SELECTOR = YES;
				GCC_WARN_UNINITIALIZED_AUTOS = YES_AGGRESSIVE;
				GCC_WARN_UNUSED_FUNCTION = YES;
				GCC_WARN_UNUSED_VARIABLE = YES;
				IPHONEOS_DEPLOYMENT_TARGET = 8.1;
				MTL_ENABLE_DEBUG_INFO = NO;
				SDKROOT = iphoneos;
				USER_HEADER_SEARCH_PATHS = "../../ev3sources-xtended/ev3sources/lms2012/**";
				VALIDATE_PRODUCT = YES;
			};
			name = Release;
		};
		55A7CB9B1A3E07130028553C /* Debug */ = {
			isa = XCBuildConfiguration;
			buildSettings = {
				ASSETCATALOG_COMPILER_APPICON_NAME = AppIcon;
				INFOPLIST_FILE = "Jove's Landing/Info.plist";
				LD_RUNPATH_SEARCH_PATHS = "$(inherited) @executable_path/Frameworks";
				PRODUCT_NAME = "$(TARGET_NAME)";
			};
			name = Debug;
		};
		55A7CB9C1A3E07130028553C /* Release */ = {
			isa = XCBuildConfiguration;
			buildSettings = {
				ASSETCATALOG_COMPILER_APPICON_NAME = AppIcon;
				INFOPLIST_FILE = "Jove's Landing/Info.plist";
				LD_RUNPATH_SEARCH_PATHS = "$(inherited) @executable_path/Frameworks";
				PRODUCT_NAME = "$(TARGET_NAME)";
			};
			name = Release;
		};
		55A7CB9E1A3E07130028553C /* Debug */ = {
			isa = XCBuildConfiguration;
			buildSettings = {
				BUNDLE_LOADER = "$(TEST_HOST)";
				FRAMEWORK_SEARCH_PATHS = (
					"$(SDKROOT)/Developer/Library/Frameworks",
					"$(inherited)",
				);
				GCC_PREPROCESSOR_DEFINITIONS = (
					"DEBUG=1",
					"$(inherited)",
				);
				INFOPLIST_FILE = "Jove's LandingTests/Info.plist";
				LD_RUNPATH_SEARCH_PATHS = "$(inherited) @executable_path/Frameworks @loader_path/Frameworks";
				PRODUCT_NAME = "$(TARGET_NAME)";
				TEST_HOST = "$(BUILT_PRODUCTS_DIR)/Jove's Landing.app/Jove's Landing";
			};
			name = Debug;
		};
		55A7CB9F1A3E07130028553C /* Release */ = {
			isa = XCBuildConfiguration;
			buildSettings = {
				BUNDLE_LOADER = "$(TEST_HOST)";
				FRAMEWORK_SEARCH_PATHS = (
					"$(SDKROOT)/Developer/Library/Frameworks",
					"$(inherited)",
				);
				INFOPLIST_FILE = "Jove's LandingTests/Info.plist";
				LD_RUNPATH_SEARCH_PATHS = "$(inherited) @executable_path/Frameworks @loader_path/Frameworks";
				PRODUCT_NAME = "$(TARGET_NAME)";
				TEST_HOST = "$(BUILT_PRODUCTS_DIR)/Jove's Landing.app/Jove's Landing";
			};
			name = Release;
		};
/* End XCBuildConfiguration section */

/* Begin XCConfigurationList section */
		55A7CB6F1A3E07130028553C /* Build configuration list for PBXProject "Jove's Landing" */ = {
			isa = XCConfigurationList;
			buildConfigurations = (
				55A7CB981A3E07130028553C /* Debug */,
				55A7CB991A3E07130028553C /* Release */,
			);
			defaultConfigurationIsVisible = 0;
			defaultConfigurationName = Release;
		};
		55A7CB9A1A3E07130028553C /* Build configuration list for PBXNativeTarget "Jove's Landing" */ = {
			isa = XCConfigurationList;
			buildConfigurations = (
				55A7CB9B1A3E07130028553C /* Debug */,
				55A7CB9C1A3E07130028553C /* Release */,
			);
			defaultConfigurationIsVisible = 0;
			defaultConfigurationName = Release;
		};
		55A7CB9D1A3E07130028553C /* Build configuration list for PBXNativeTarget "Jove's LandingTests" */ = {
			isa = XCConfigurationList;
			buildConfigurations = (
				55A7CB9E1A3E07130028553C /* Debug */,
				55A7CB9F1A3E07130028553C /* Release */,
			);
			defaultConfigurationIsVisible = 0;
			defaultConfigurationName = Release;
		};
/* End XCConfigurationList section */
	};
	rootObject = 55A7CB6C1A3E07130028553C /* Project object */;
}
